
Microsoft Visual Studio Solution File, Format Version 12.00
# Visual Studio Version 17
VisualStudioVersion = 17.0.31903.59
MinimumVisualStudioVersion = 10.0.40219.1
Project("{2150E333-8FDC-42A3-9474-1A3956D46DE8}") = "CalculatorLibrary", "CalculatorLibrary", "{68C1A82E-C1B5-4388-AFA2-44A9D07640A7}"
EndProject
Project("{FAE04EC0-301F-11D3-BF4B-00C04F79EFBC}") = "CalculatorLibrary", "CalculatorLibrary\CalculatorLibrary\CalculatorLibrary.csproj", "{9352125B-230E-4A19-8EDD-6D22130C63F1}"
EndProject
Project("{2150E333-8FDC-42A3-9474-1A3956D46DE8}") = "Calculator", "Calculator", "{081C65CF-CF95-4D1D-A117-8D6CA6B93F7D}"
EndProject
Project("{FAE04EC0-301F-11D3-BF4B-00C04F79EFBC}") = "Calculator", "Calculator\Calculator\Calculator.csproj", "{F8628746-3E6E-4DB1-8A69-A1A82291C9C7}"
EndProject
Project("{2150E333-8FDC-42A3-9474-1A3956D46DE8}") = "CalcLibTest", "CalcLibTest", "{D77803DA-4579-43C3-BB73-E4D6A731E871}"
EndProject
Project("{FAE04EC0-301F-11D3-BF4B-00C04F79EFBC}") = "CalcLibTest", "CalcLibTest\CalcLibTest\CalcLibTest.csproj", "{B22CD388-30F0-4174-99EC-6A513F60B23D}"
EndProject
Global
	GlobalSection(SolutionConfigurationPlatforms) = preSolution
		Debug|Any CPU = Debug|Any CPU
		Release|Any CPU = Release|Any CPU
	EndGlobalSection
	GlobalSection(SolutionProperties) = preSolution
		HideSolutionNode = FALSE
	EndGlobalSection
	GlobalSection(ProjectConfigurationPlatforms) = postSolution
		{9352125B-230E-4A19-8EDD-6D22130C63F1}.Debug|Any CPU.ActiveCfg = Debug|Any CPU
		{9352125B-230E-4A19-8EDD-6D22130C63F1}.Debug|Any CPU.Build.0 = Debug|Any CPU
		{9352125B-230E-4A19-8EDD-6D22130C63F1}.Release|Any CPU.ActiveCfg = Release|Any CPU
		{9352125B-230E-4A19-8EDD-6D22130C63F1}.Release|Any CPU.Build.0 = Release|Any CPU
		{F8628746-3E6E-4DB1-8A69-A1A82291C9C7}.Debug|Any CPU.ActiveCfg = Debug|Any CPU
		{F8628746-3E6E-4DB1-8A69-A1A82291C9C7}.Debug|Any CPU.Build.0 = Debug|Any CPU
		{F8628746-3E6E-4DB1-8A69-A1A82291C9C7}.Release|Any CPU.ActiveCfg = Release|Any CPU
		{F8628746-3E6E-4DB1-8A69-A1A82291C9C7}.Release|Any CPU.Build.0 = Release|Any CPU
		{B22CD388-30F0-4174-99EC-6A513F60B23D}.Debug|Any CPU.ActiveCfg = Debug|Any CPU
		{B22CD388-30F0-4174-99EC-6A513F60B23D}.Debug|Any CPU.Build.0 = Debug|Any CPU
		{B22CD388-30F0-4174-99EC-6A513F60B23D}.Release|Any CPU.ActiveCfg = Release|Any CPU
		{B22CD388-30F0-4174-99EC-6A513F60B23D}.Release|Any CPU.Build.0 = Release|Any CPU
	EndGlobalSection
	GlobalSection(NestedProjects) = preSolution
		{9352125B-230E-4A19-8EDD-6D22130C63F1} = {68C1A82E-C1B5-4388-AFA2-44A9D07640A7}
		{F8628746-3E6E-4DB1-8A69-A1A82291C9C7} = {081C65CF-CF95-4D1D-A117-8D6CA6B93F7D}
		{B22CD388-30F0-4174-99EC-6A513F60B23D} = {D77803DA-4579-43C3-BB73-E4D6A731E871}
	EndGlobalSection
EndGlobal
