
Microsoft Visual Studio Solution File, Format Version 12.00
# Visual Studio Version 17
VisualStudioVersion = 17.0.31903.59
MinimumVisualStudioVersion = 10.0.40219.1
Project("{2150E333-8FDC-42A3-9474-1A3956D46DE8}") = "CalculatorLibrary", "CalculatorLibrary", "{68C1A82E-C1B5-4388-AFA2-44A9D07640A7}"
EndProject
Project("{FAE04EC0-301F-11D3-BF4B-00C04F79EFBC}") = "CalculatorLibrary", "CalculatorLibrary\CalculatorLibrary\CalculatorLibrary.csproj", "{9352125B-230E-4A19-8EDD-6D22130C63F1}"
EndProject
Global
	GlobalSection(SolutionConfigurationPlatforms) = preSolution
		Debug|Any CPU = Debug|Any CPU
		Release|Any CPU = Release|Any CPU
	EndGlobalSection
	GlobalSection(SolutionProperties) = preSolution
		HideSolutionNode = FALSE
	EndGlobalSection
	GlobalSection(ProjectConfigurationPlatforms) = postSolution
		{9352125B-230E-4A19-8EDD-6D22130C63F1}.Debug|Any CPU.ActiveCfg = Debug|Any CPU
		{9352125B-230E-4A19-8EDD-6D22130C63F1}.Debug|Any CPU.Build.0 = Debug|Any CPU
		{9352125B-230E-4A19-8EDD-6D22130C63F1}.Release|Any CPU.ActiveCfg = Release|Any CPU
		{9352125B-230E-4A19-8EDD-6D22130C63F1}.Release|Any CPU.Build.0 = Release|Any CPU
	EndGlobalSection
	GlobalSection(NestedProjects) = preSolution
		{9352125B-230E-4A19-8EDD-6D22130C63F1} = {68C1A82E-C1B5-4388-AFA2-44A9D07640A7}
	EndGlobalSection
EndGlobal
